
Microsoft Visual Studio Solution File, Format Version 12.00
Project("{FAE04EC0-301F-11D3-BF4B-00C04F79EFBC}") = "DotNet.Core.Filter.Common", "DotNet.Core.Filter.Common\DotNet.Core.Filter.Common.csproj", "{16688F2E-F059-452A-9736-E33340B0479C}"
EndProject
Project("{FAE04EC0-301F-11D3-BF4B-00C04F79EFBC}") = "DotNetCore.Filter.WebAPI", "DotNetCore.Filter.WebAPI\DotNetCore.Filter.WebAPI.csproj", "{0EE2A04C-5DF9-4805-BA13-95DCD9A5A143}"
EndProject
Global
	GlobalSection(SolutionConfigurationPlatforms) = preSolution
		Debug|Any CPU = Debug|Any CPU
		Release|Any CPU = Release|Any CPU
	EndGlobalSection
	GlobalSection(ProjectConfigurationPlatforms) = postSolution
		{16688F2E-F059-452A-9736-E33340B0479C}.Debug|Any CPU.ActiveCfg = Debug|Any CPU
		{16688F2E-F059-452A-9736-E33340B0479C}.Debug|Any CPU.Build.0 = Debug|Any CPU
		{16688F2E-F059-452A-9736-E33340B0479C}.Release|Any CPU.ActiveCfg = Release|Any CPU
		{16688F2E-F059-452A-9736-E33340B0479C}.Release|Any CPU.Build.0 = Release|Any CPU
		{0EE2A04C-5DF9-4805-BA13-95DCD9A5A143}.Debug|Any CPU.ActiveCfg = Debug|Any CPU
		{0EE2A04C-5DF9-4805-BA13-95DCD9A5A143}.Debug|Any CPU.Build.0 = Debug|Any CPU
		{0EE2A04C-5DF9-4805-BA13-95DCD9A5A143}.Release|Any CPU.ActiveCfg = Release|Any CPU
		{0EE2A04C-5DF9-4805-BA13-95DCD9A5A143}.Release|Any CPU.Build.0 = Release|Any CPU
	EndGlobalSection
EndGlobal
